
Microsoft Visual Studio Solution File, Format Version 12.00
# Visual Studio Version 17
VisualStudioVersion = 17.0.31903.59
MinimumVisualStudioVersion = 10.0.40219.1
Project("{FAE04EC0-301F-11D3-BF4B-00C04F79EFBC}") = "bill-project", "bill-project\bill-project.csproj", "{DA3E0596-2CCC-41F3-A16F-39A5A708339E}"
EndProject
Project("{FAE04EC0-301F-11D3-BF4B-00C04F79EFBC}") = "bill-test", "bill-test\bill-test.csproj", "{C7AD2079-C28F-441B-80CE-81396E7AD17A}"
EndProject
Global
	GlobalSection(SolutionConfigurationPlatforms) = preSolution
		Debug|Any CPU = Debug|Any CPU
		Release|Any CPU = Release|Any CPU
	EndGlobalSection
	GlobalSection(SolutionProperties) = preSolution
		HideSolutionNode = FALSE
	EndGlobalSection
	GlobalSection(ProjectConfigurationPlatforms) = postSolution
		{DA3E0596-2CCC-41F3-A16F-39A5A708339E}.Debug|Any CPU.ActiveCfg = Debug|Any CPU
		{DA3E0596-2CCC-41F3-A16F-39A5A708339E}.Debug|Any CPU.Build.0 = Debug|Any CPU
		{DA3E0596-2CCC-41F3-A16F-39A5A708339E}.Release|Any CPU.ActiveCfg = Release|Any CPU
		{DA3E0596-2CCC-41F3-A16F-39A5A708339E}.Release|Any CPU.Build.0 = Release|Any CPU
		{C7AD2079-C28F-441B-80CE-81396E7AD17A}.Debug|Any CPU.ActiveCfg = Debug|Any CPU
		{C7AD2079-C28F-441B-80CE-81396E7AD17A}.Debug|Any CPU.Build.0 = Debug|Any CPU
		{C7AD2079-C28F-441B-80CE-81396E7AD17A}.Release|Any CPU.ActiveCfg = Release|Any CPU
		{C7AD2079-C28F-441B-80CE-81396E7AD17A}.Release|Any CPU.Build.0 = Release|Any CPU
	EndGlobalSection
EndGlobal
